{
    "_readme": [
        "This file locks the dependencies of your project to a known state",
        "Read more about it at https://getcomposer.org/doc/01-basic-usage.md#installing-dependencies",
        "This file is @generated automatically"
    ],
    "content-hash": "45f1dd28771816314066d9e5965c699f",
    "packages": [
        {
            "name": "omniva/api-lib",
            "version": "dev-master",
            "source": {
                "type": "git",
                "url": "git@github.com:mijora/omniva-api.git",
                "reference": "9fa2a5f207161ef9e033eea2eba76952423dca55"
            },
            "dist": {
                "type": "zip",
                "url": "https://api.github.com/repos/mijora/omniva-api/zipball/9fa2a5f207161ef9e033eea2eba76952423dca55",
                "reference": "9fa2a5f207161ef9e033eea2eba76952423dca55",
                "shasum": ""
            },
            "require": {
                "ext-curl": "*",
                "ext-json": "*"
            },
            "default-branch": true,
            "type": "library",
            "autoload": {
                "psr-4": {
                    "OmnivaApi\\": "src/"
                }
            },
            "license": [
                "#"
            ],
            "description": "library for Omniva api",
            "support": {
                "source": "https://github.com/mijora/omniva-api/tree/master",
                "issues": "https://github.com/mijora/omniva-api/issues"
            },
            "time": "2022-04-26T10:27:15+00:00"
        }
    ],
    "packages-dev": [],
    "aliases": [],
    "minimum-stability": "stable",
    "stability-flags": {
        "omniva/api-lib": 20
    },
    "prefer-stable": false,
    "prefer-lowest": false,
    "platform": [],
    "platform-dev": [],
    "plugin-api-version": "2.1.0"
}
